
Microsoft Visual Studio Solution File, Format Version 12.00
# Visual Studio Version 17
VisualStudioVersion = 17.2.32616.157
MinimumVisualStudioVersion = 10.0.40219.1
Project("{F2A71F9B-5D33-465A-A702-920D77279786}") = "DijkstrasAlgoritme Fsharp", "DijkstrasAlgoritme Fsharp\DijkstrasAlgoritme Fsharp.fsproj", "{221C541F-B4FE-4BBF-B8AA-A265CB756F38}"
EndProject
Global
	GlobalSection(SolutionConfigurationPlatforms) = preSolution
		Debug|Any CPU = Debug|Any CPU
		Release|Any CPU = Release|Any CPU
	EndGlobalSection
	GlobalSection(ProjectConfigurationPlatforms) = postSolution
		{221C541F-B4FE-4BBF-B8AA-A265CB756F38}.Debug|Any CPU.ActiveCfg = Debug|Any CPU
		{221C541F-B4FE-4BBF-B8AA-A265CB756F38}.Debug|Any CPU.Build.0 = Debug|Any CPU
		{221C541F-B4FE-4BBF-B8AA-A265CB756F38}.Release|Any CPU.ActiveCfg = Release|Any CPU
		{221C541F-B4FE-4BBF-B8AA-A265CB756F38}.Release|Any CPU.Build.0 = Release|Any CPU
	EndGlobalSection
	GlobalSection(SolutionProperties) = preSolution
		HideSolutionNode = FALSE
	EndGlobalSection
	GlobalSection(ExtensibilityGlobals) = postSolution
		SolutionGuid = {AEA77597-1AA7-40BA-BB55-62ACBDCD19B2}
	EndGlobalSection
EndGlobal
